
Microsoft Visual Studio Solution File, Format Version 12.00
# Visual Studio Version 16
VisualStudioVersion = 16.0.30517.126
MinimumVisualStudioVersion = 10.0.40219.1
Project("{FAE04EC0-301F-11D3-BF4B-00C04F79EFBC}") = "ExportCsvFile", "ExportCsvFile\ExportCsvFile.csproj", "{B9D54F07-10DA-42EC-A940-5370B6ABF3E1}"
EndProject
Global
	GlobalSection(SolutionConfigurationPlatforms) = preSolution
		Debug|Any CPU = Debug|Any CPU
		Release|Any CPU = Release|Any CPU
	EndGlobalSection
	GlobalSection(ProjectConfigurationPlatforms) = postSolution
		{B9D54F07-10DA-42EC-A940-5370B6ABF3E1}.Debug|Any CPU.ActiveCfg = Debug|Any CPU
		{B9D54F07-10DA-42EC-A940-5370B6ABF3E1}.Debug|Any CPU.Build.0 = Debug|Any CPU
		{B9D54F07-10DA-42EC-A940-5370B6ABF3E1}.Release|Any CPU.ActiveCfg = Release|Any CPU
		{B9D54F07-10DA-42EC-A940-5370B6ABF3E1}.Release|Any CPU.Build.0 = Release|Any CPU
	EndGlobalSection
	GlobalSection(SolutionProperties) = preSolution
		HideSolutionNode = FALSE
	EndGlobalSection
	GlobalSection(ExtensibilityGlobals) = postSolution
		SolutionGuid = {5379777A-7477-4967-B48B-5A404F41FE28}
	EndGlobalSection
EndGlobal
